
Microsoft Visual Studio Solution File, Format Version 12.00
Project("{FAE04EC0-301F-11D3-BF4B-00C04F79EFBC}") = "Scheduler.Api", "Scheduler.Api\Scheduler.Api.csproj", "{FFF2FC75-B89B-4E8F-8736-5DC56BAA52D9}"
EndProject
Project("{FAE04EC0-301F-11D3-BF4B-00C04F79EFBC}") = "Scheduler.DomainModel", "Scheduler.DomainModel\Scheduler.DomainModel.csproj", "{D8F83A78-2EDF-4EF8-B060-057105036F88}"
EndProject
Project("{FAE04EC0-301F-11D3-BF4B-00C04F79EFBC}") = "Scheduler.Repositories", "Scheduler.Repositories\Scheduler.Repositories.csproj", "{DA0E12B6-631C-419E-A165-E7048C59933C}"
EndProject
Project("{FAE04EC0-301F-11D3-BF4B-00C04F79EFBC}") = "Scheduler.Common", "Scheduler.Common\Scheduler.Common.csproj", "{EE54ABCA-EC0B-407F-A65F-24ABBE9B9C68}"
EndProject
Global
	GlobalSection(SolutionConfigurationPlatforms) = preSolution
		Debug|Any CPU = Debug|Any CPU
		Release|Any CPU = Release|Any CPU
	EndGlobalSection
	GlobalSection(ProjectConfigurationPlatforms) = postSolution
		{FFF2FC75-B89B-4E8F-8736-5DC56BAA52D9}.Debug|Any CPU.ActiveCfg = Debug|Any CPU
		{FFF2FC75-B89B-4E8F-8736-5DC56BAA52D9}.Debug|Any CPU.Build.0 = Debug|Any CPU
		{FFF2FC75-B89B-4E8F-8736-5DC56BAA52D9}.Release|Any CPU.ActiveCfg = Release|Any CPU
		{FFF2FC75-B89B-4E8F-8736-5DC56BAA52D9}.Release|Any CPU.Build.0 = Release|Any CPU
		{D8F83A78-2EDF-4EF8-B060-057105036F88}.Debug|Any CPU.ActiveCfg = Debug|Any CPU
		{D8F83A78-2EDF-4EF8-B060-057105036F88}.Debug|Any CPU.Build.0 = Debug|Any CPU
		{D8F83A78-2EDF-4EF8-B060-057105036F88}.Release|Any CPU.ActiveCfg = Release|Any CPU
		{D8F83A78-2EDF-4EF8-B060-057105036F88}.Release|Any CPU.Build.0 = Release|Any CPU
		{DA0E12B6-631C-419E-A165-E7048C59933C}.Debug|Any CPU.ActiveCfg = Debug|Any CPU
		{DA0E12B6-631C-419E-A165-E7048C59933C}.Debug|Any CPU.Build.0 = Debug|Any CPU
		{DA0E12B6-631C-419E-A165-E7048C59933C}.Release|Any CPU.ActiveCfg = Release|Any CPU
		{DA0E12B6-631C-419E-A165-E7048C59933C}.Release|Any CPU.Build.0 = Release|Any CPU
		{EE54ABCA-EC0B-407F-A65F-24ABBE9B9C68}.Debug|Any CPU.ActiveCfg = Debug|Any CPU
		{EE54ABCA-EC0B-407F-A65F-24ABBE9B9C68}.Debug|Any CPU.Build.0 = Debug|Any CPU
		{EE54ABCA-EC0B-407F-A65F-24ABBE9B9C68}.Release|Any CPU.ActiveCfg = Release|Any CPU
		{EE54ABCA-EC0B-407F-A65F-24ABBE9B9C68}.Release|Any CPU.Build.0 = Release|Any CPU
	EndGlobalSection
EndGlobal
